PODS:
  - app_tracking_transparency (0.0.1):
    - Flutter
  - Flutter (1.0.0)

DEPENDENCIES:
  - app_tracking_transparency (from `.symlinks/plugins/app_tracking_transparency/ios`)
  - Flutter (from `Flutter`)

EXTERNAL SOURCES:
  app_tracking_transparency:
    :path: ".symlinks/plugins/app_tracking_transparency/ios"
  Flutter:
    :path: Flutter

SPEC CHECKSUMS:
  app_tracking_transparency: 3d84f147f67ca82d3c15355c36b1fa6b66ca7c92
  Flutter: cabc95a1d2626b1b06e7179b784ebcf0c0cde467

PODFILE CHECKSUM: cc1f88378b4bfcf93a6ce00d2c587857c6008d3b

COCOAPODS: 1.16.2
