PODS:
  - FBAEMKit (14.1.0):
    - FBSDKCoreKit_Basics (= 14.1.0)
  - FBSDKCoreKit (14.1.0):
    - FBAEMKit (= 14.1.0)
    - FBSDKCoreKit_Basics (= 14.1.0)
  - FBSDKCoreKit_Basics (14.1.0)
  - FBSDKLoginKit (14.1.0):
    - FBSDKCoreKit (= 14.1.0)
  - Flutter (1.0.0)
  - flutter_login_facebook (1.6.0):
    - FBSDKLoginKit (= 14.1.0)
    - Flutter

DEPENDENCIES:
  - Flutter (from `Flutter`)
  - flutter_login_facebook (from `.symlinks/plugins/flutter_login_facebook/ios`)

SPEC REPOS:
  trunk:
    - FBAEMKit
    - FBSDKCoreKit
    - FBSDKCoreKit_Basics
    - FBSDKLoginKit

EXTERNAL SOURCES:
  Flutter:
    :path: Flutter
  flutter_login_facebook:
    :path: ".symlinks/plugins/flutter_login_facebook/ios"

SPEC CHECKSUMS:
  FBAEMKit: a899515e45476027f73aef377b5cffadcd56ca3a
  FBSDKCoreKit: 24f8bc8d3b5b2a8c5c656a1329492a12e8efa792
  FBSDKCoreKit_Basics: 6e578c9bdc7aa1365dbbbde633c9ebb536bcaa98
  FBSDKLoginKit: 787de205d524c3a4b17d527916f1d066e4361660
  Flutter: 50d75fe2f02b26cc09d224853bb45737f8b3214a
  flutter_login_facebook: a08e213dccad8493c0cdce8a99e4a21edfd466c8

PODFILE CHECKSUM: aafe91acc616949ddb318b77800a7f51bffa2a4c

COCOAPODS: 1.11.3
