{
  "pins" : [
    {
      "identity" : "facebook-ios-sdk",
      "kind" : "remoteSourceControl",
      "location" : "https://github.com/facebook/facebook-ios-sdk",
      "state" : {
        "revision" : "8c90832bf2302d9ecd0d23cb63b81f1fb9a36497",
        "version" : "18.0.3"
      }
    }
  ],
  "version" : 2
}
